# THIS IS AN AUTOGENERATED FILE. DO NOT EDIT THIS FILE DIRECTLY.
# yarn lockfile v1


flag-icons@^7.3.2:
  version "7.3.2"
  resolved "https://registry.yarnpkg.com/flag-icons/-/flag-icons-7.3.2.tgz#c5ffaf25fb2be97498703a068fa699416bca9629"
  integrity sha512-QkaZ6Zvai8LIjx+UNAHUJ5Dhz9OLZpBDwCRWxF6YErxIcR16jTkIFm3bFu54EkvKQy4+wicW+Gm7/0631wVQyQ==
